
Microsoft Visual Studio Solution File, Format Version 12.00
# Visual Studio Version 17
VisualStudioVersion = 17.10.34928.147
MinimumVisualStudioVersion = 10.0.40219.1
Project("{9A19103F-16F7-4668-BE54-9A1E7A4F7556}") = "ADV 02", "ADV 02\ADV 02.csproj", "{B9231BF3-1AEC-4797-84D2-6ECD7354B6DB}"
EndProject
Project("{FAE04EC0-301F-11D3-BF4B-00C04F79EFBC}") = "Assignment 02", "Assignment 02\Assignment 02.csproj", "{3D0DF484-1B58-4484-B720-BBCD27269163}"
EndProject
Project("{FAE04EC0-301F-11D3-BF4B-00C04F79EFBC}") = "Assignment", "Assignment\Assignment.csproj", "{95FF1744-83FF-426F-B3A1-367C57226504}"
EndProject
Global
	GlobalSection(SolutionConfigurationPlatforms) = preSolution
		Debug|Any CPU = Debug|Any CPU
		Release|Any CPU = Release|Any CPU
	EndGlobalSection
	GlobalSection(ProjectConfigurationPlatforms) = postSolution
		{B9231BF3-1AEC-4797-84D2-6ECD7354B6DB}.Debug|Any CPU.ActiveCfg = Debug|Any CPU
		{B9231BF3-1AEC-4797-84D2-6ECD7354B6DB}.Debug|Any CPU.Build.0 = Debug|Any CPU
		{B9231BF3-1AEC-4797-84D2-6ECD7354B6DB}.Release|Any CPU.ActiveCfg = Release|Any CPU
		{B9231BF3-1AEC-4797-84D2-6ECD7354B6DB}.Release|Any CPU.Build.0 = Release|Any CPU
		{3D0DF484-1B58-4484-B720-BBCD27269163}.Debug|Any CPU.ActiveCfg = Debug|Any CPU
		{3D0DF484-1B58-4484-B720-BBCD27269163}.Debug|Any CPU.Build.0 = Debug|Any CPU
		{3D0DF484-1B58-4484-B720-BBCD27269163}.Release|Any CPU.ActiveCfg = Release|Any CPU
		{3D0DF484-1B58-4484-B720-BBCD27269163}.Release|Any CPU.Build.0 = Release|Any CPU
		{95FF1744-83FF-426F-B3A1-367C57226504}.Debug|Any CPU.ActiveCfg = Debug|Any CPU
		{95FF1744-83FF-426F-B3A1-367C57226504}.Debug|Any CPU.Build.0 = Debug|Any CPU
		{95FF1744-83FF-426F-B3A1-367C57226504}.Release|Any CPU.ActiveCfg = Release|Any CPU
		{95FF1744-83FF-426F-B3A1-367C57226504}.Release|Any CPU.Build.0 = Release|Any CPU
	EndGlobalSection
	GlobalSection(SolutionProperties) = preSolution
		HideSolutionNode = FALSE
	EndGlobalSection
	GlobalSection(ExtensibilityGlobals) = postSolution
		SolutionGuid = {F0BE3D2D-A908-46A2-9BEF-56257322DD60}
	EndGlobalSection
EndGlobal
